// !$*UTF8*$!
{
	archiveVersion = 1;
	classes = {
	};
	objectVersion = 46;
	objects = {

/* Begin PBXBuildFile section */
		6D5146DE1994018700B6B433 /* AppDelegate.swift in Sources */ = {isa = PBXBuildFile; fileRef = 6D5146DD1994018700B6B433 /* AppDelegate.swift */; };
		6D5146E01994018700B6B433 /* ViewController.swift in Sources */ = {isa = PBXBuildFile; fileRef = 6D5146DF1994018700B6B433 /* ViewController.swift */; };
		6D5146E31994018700B6B433 /* Main.storyboard in Resources */ = {isa = PBXBuildFile; fileRef = 6D5146E11994018700B6B433 /* Main.storyboard */; };
		6D5146E51994018700B6B433 /* Images.xcassets in Resources */ = {isa = PBXBuildFile; fileRef = 6D5146E41994018700B6B433 /* Images.xcassets */; };
		6D5146F11994018800B6B433 /* textSelectionSafariActionExtensionSwiftExampleTests.swift in Sources */ = {isa = PBXBuildFile; fileRef = 6D5146F01994018800B6B433 /* textSelectionSafariActionExtensionSwiftExampleTests.swift */; };
		6D99139619943277004011E6 /* SearchViewController.swift in Sources */ = {isa = PBXBuildFile; fileRef = 6D99139519943277004011E6 /* SearchViewController.swift */; };
		6DE427EE19942DA5006794B7 /* MainInterface.storyboard in Resources */ = {isa = PBXBuildFile; fileRef = 6DE427ED19942DA5006794B7 /* MainInterface.storyboard */; };
		6DE427F119942DA5006794B7 /* safarActionExtensionSwiftExampleExt.appex in Embed App Extensions */ = {isa = PBXBuildFile; fileRef = 6DE427E719942DA5006794B7 /* safarActionExtensionSwiftExampleExt.appex */; settings = {ATTRIBUTES = (RemoveHeadersOnCopy, ); }; };
		6DE427F819942F43006794B7 /* textSelection.js in Resources */ = {isa = PBXBuildFile; fileRef = 6DE427F719942F43006794B7 /* textSelection.js */; };
/* End PBXBuildFile section */

/* Begin PBXContainerItemProxy section */
		6D5146EB1994018700B6B433 /* PBXContainerItemProxy */ = {
			isa = PBXContainerItemProxy;
			containerPortal = 6D5146D01994018700B6B433 /* Project object */;
			proxyType = 1;
			remoteGlobalIDString = 6D5146D71994018700B6B433;
			remoteInfo = textSelectionSafariActionExtensionSwiftExample;
		};
		6DE427EF19942DA5006794B7 /* PBXContainerItemProxy */ = {
			isa = PBXContainerItemProxy;
			containerPortal = 6D5146D01994018700B6B433 /* Project object */;
			proxyType = 1;
			remoteGlobalIDString = 6DE427E619942DA5006794B7;
			remoteInfo = safarActionExtensionSwiftExampleExt;
		};
		6DE427F219942DA5006794B7 /* PBXContainerItemProxy */ = {
			isa = PBXContainerItemProxy;
			containerPortal = 6D5146D01994018700B6B433 /* Project object */;
			proxyType = 1;
			remoteGlobalIDString = 6DE427E619942DA5006794B7;
			remoteInfo = safarActionExtensionSwiftExampleExt;
		};
/* End PBXContainerItemProxy section */

/* Begin PBXCopyFilesBuildPhase section */
		6D51470E1994019900B6B433 /* Embed App Extensions */ = {
			isa = PBXCopyFilesBuildPhase;
			buildActionMask = 2147483647;
			dstPath = "";
			dstSubfolderSpec = 13;
			files = (
				6DE427F119942DA5006794B7 /* safarActionExtensionSwiftExampleExt.appex in Embed App Extensions */,
			);
			name = "Embed App Extensions";
			runOnlyForDeploymentPostprocessing = 0;
		};
/* End PBXCopyFilesBuildPhase section */

/* Begin PBXFileReference section */
		6D5146D81994018700B6B433 /* textSelectionSafariActionExtensionSwiftExample.app */ = {isa = PBXFileReference; explicitFileType = wrapper.application; includeInIndex = 0; path = textSelectionSafariActionExtensionSwiftExample.app; sourceTree = BUILT_PRODUCTS_DIR; };
		6D5146DC1994018700B6B433 /* Info.plist */ = {isa = PBXFileReference; lastKnownFileType = text.plist.xml; path = Info.plist; sourceTree = "<group>"; };
		6D5146DD1994018700B6B433 /* AppDelegate.swift */ = {isa = PBXFileReference; lastKnownFileType = sourcecode.swift; path = AppDelegate.swift; sourceTree = "<group>"; };
		6D5146DF1994018700B6B433 /* ViewController.swift */ = {isa = PBXFileReference; lastKnownFileType = sourcecode.swift; path = ViewController.swift; sourceTree = "<group>"; };
		6D5146E21994018700B6B433 /* Base */ = {isa = PBXFileReference; lastKnownFileType = file.storyboard; name = Base; path = Base.lproj/Main.storyboard; sourceTree = "<group>"; };
		6D5146E41994018700B6B433 /* Images.xcassets */ = {isa = PBXFileReference; lastKnownFileType = folder.assetcatalog; path = Images.xcassets; sourceTree = "<group>"; };
		6D5146EA1994018700B6B433 /* textSelectionSafariActionExtensionSwiftExampleTests.xctest */ = {isa = PBXFileReference; explicitFileType = wrapper.cfbundle; includeInIndex = 0; path = textSelectionSafariActionExtensionSwiftExampleTests.xctest; sourceTree = BUILT_PRODUCTS_DIR; };
		6D5146EF1994018700B6B433 /* Info.plist */ = {isa = PBXFileReference; lastKnownFileType = text.plist.xml; path = Info.plist; sourceTree = "<group>"; };
		6D5146F01994018800B6B433 /* textSelectionSafariActionExtensionSwiftExampleTests.swift */ = {isa = PBXFileReference; lastKnownFileType = sourcecode.swift; path = textSelectionSafariActionExtensionSwiftExampleTests.swift; sourceTree = "<group>"; };
		6D99139519943277004011E6 /* SearchViewController.swift */ = {isa = PBXFileReference; fileEncoding = 4; lastKnownFileType = sourcecode.swift; path = SearchViewController.swift; sourceTree = "<group>"; };
		6DE427E719942DA5006794B7 /* safarActionExtensionSwiftExampleExt.appex */ = {isa = PBXFileReference; explicitFileType = "wrapper.app-extension"; includeInIndex = 0; path = safarActionExtensionSwiftExampleExt.appex; sourceTree = BUILT_PRODUCTS_DIR; };
		6DE427EA19942DA5006794B7 /* Info.plist */ = {isa = PBXFileReference; lastKnownFileType = text.plist.xml; path = Info.plist; sourceTree = "<group>"; };
		6DE427ED19942DA5006794B7 /* MainInterface.storyboard */ = {isa = PBXFileReference; lastKnownFileType = file.storyboard; path = MainInterface.storyboard; sourceTree = "<group>"; };
		6DE427F719942F43006794B7 /* textSelection.js */ = {isa = PBXFileReference; fileEncoding = 4; lastKnownFileType = sourcecode.javascript; path = textSelection.js; sourceTree = "<group>"; };
/* End PBXFileReference section */

/* Begin PBXFrameworksBuildPhase section */
		6D5146D51994018700B6B433 /* Frameworks */ = {
			isa = PBXFrameworksBuildPhase;
			buildActionMask = 2147483647;
			files = (
			);
			runOnlyForDeploymentPostprocessing = 0;
		};
		6D5146E71994018700B6B433 /* Frameworks */ = {
			isa = PBXFrameworksBuildPhase;
			buildActionMask = 2147483647;
			files = (
			);
			runOnlyForDeploymentPostprocessing = 0;
		};
		6DE427E419942DA5006794B7 /* Frameworks */ = {
			isa = PBXFrameworksBuildPhase;
			buildActionMask = 2147483647;
			files = (
			);
			runOnlyForDeploymentPostprocessing = 0;
		};
/* End PBXFrameworksBuildPhase section */

/* Begin PBXGroup section */
		6D5146CF1994018700B6B433 = {
			isa = PBXGroup;
			children = (
				6D5146DA1994018700B6B433 /* textSelectionSafariActionExtensionSwiftExample */,
				6DE427E819942DA5006794B7 /* safarActionExtensionSwiftExampleExt */,
				6D5146ED1994018700B6B433 /* textSelectionSafariActionExtensionSwiftExampleTests */,
				6D5146D91994018700B6B433 /* Products */,
			);
			sourceTree = "<group>";
		};
		6D5146D91994018700B6B433 /* Products */ = {
			isa = PBXGroup;
			children = (
				6D5146D81994018700B6B433 /* textSelectionSafariActionExtensionSwiftExample.app */,
				6D5146EA1994018700B6B433 /* textSelectionSafariActionExtensionSwiftExampleTests.xctest */,
				6DE427E719942DA5006794B7 /* safarActionExtensionSwiftExampleExt.appex */,
			);
			name = Products;
			sourceTree = "<group>";
		};
		6D5146DA1994018700B6B433 /* textSelectionSafariActionExtensionSwiftExample */ = {
			isa = PBXGroup;
			children = (
				6D5146DD1994018700B6B433 /* AppDelegate.swift */,
				6D5146DF1994018700B6B433 /* ViewController.swift */,
				6D5146E11994018700B6B433 /* Main.storyboard */,
				6D5146E41994018700B6B433 /* Images.xcassets */,
				6D5146DB1994018700B6B433 /* Supporting Files */,
			);
			path = textSelectionSafariActionExtensionSwiftExample;
			sourceTree = "<group>";
		};
		6D5146DB1994018700B6B433 /* Supporting Files */ = {
			isa = PBXGroup;
			children = (
				6D5146DC1994018700B6B433 /* Info.plist */,
			);
			name = "Supporting Files";
			sourceTree = "<group>";
		};
		6D5146ED1994018700B6B433 /* textSelectionSafariActionExtensionSwiftExampleTests */ = {
			isa = PBXGroup;
			children = (
				6D5146F01994018800B6B433 /* textSelectionSafariActionExtensionSwiftExampleTests.swift */,
				6D5146EE1994018700B6B433 /* Supporting Files */,
			);
			path = textSelectionSafariActionExtensionSwiftExampleTests;
			sourceTree = "<group>";
		};
		6D5146EE1994018700B6B433 /* Supporting Files */ = {
			isa = PBXGroup;
			children = (
				6D5146EF1994018700B6B433 /* Info.plist */,
			);
			name = "Supporting Files";
			sourceTree = "<group>";
		};
		6DE427E819942DA5006794B7 /* safarActionExtensionSwiftExampleExt */ = {
			isa = PBXGroup;
			children = (
				6D99139519943277004011E6 /* SearchViewController.swift */,
				6DE427ED19942DA5006794B7 /* MainInterface.storyboard */,
				6DE427F719942F43006794B7 /* textSelection.js */,
				6DE427E919942DA5006794B7 /* Supporting Files */,
			);
			path = safarActionExtensionSwiftExampleExt;
			sourceTree = "<group>";
		};
		6DE427E919942DA5006794B7 /* Supporting Files */ = {
			isa = PBXGroup;
			children = (
				6DE427EA19942DA5006794B7 /* Info.plist */,
			);
			name = "Supporting Files";
			sourceTree = "<group>";
		};
/* End PBXGroup section */

/* Begin PBXNativeTarget section */
		6D5146D71994018700B6B433 /* textSelectionSafariActionExtensionSwiftExample */ = {
			isa = PBXNativeTarget;
			buildConfigurationList = 6D5146F41994018800B6B433 /* Build configuration list for PBXNativeTarget "textSelectionSafariActionExtensionSwiftExample" */;
			buildPhases = (
				6D5146D41994018700B6B433 /* Sources */,
				6D5146D51994018700B6B433 /* Frameworks */,
				6D5146D61994018700B6B433 /* Resources */,
				6D51470E1994019900B6B433 /* Embed App Extensions */,
			);
			buildRules = (
			);
			dependencies = (
				6DE427F019942DA5006794B7 /* PBXTargetDependency */,
				6DE427F319942DA5006794B7 /* PBXTargetDependency */,
			);
			name = textSelectionSafariActionExtensionSwiftExample;
			productName = textSelectionSafariActionExtensionSwiftExample;
			productReference = 6D5146D81994018700B6B433 /* textSelectionSafariActionExtensionSwiftExample.app */;
			productType = "com.apple.product-type.application";
		};
		6D5146E91994018700B6B433 /* textSelectionSafariActionExtensionSwiftExampleTests */ = {
			isa = PBXNativeTarget;
			buildConfigurationList = 6D5146F71994018800B6B433 /* Build configuration list for PBXNativeTarget "textSelectionSafariActionExtensionSwiftExampleTests" */;
			buildPhases = (
				6D5146E61994018700B6B433 /* Sources */,
				6D5146E71994018700B6B433 /* Frameworks */,
				6D5146E81994018700B6B433 /* Resources */,
			);
			buildRules = (
			);
			dependencies = (
				6D5146EC1994018700B6B433 /* PBXTargetDependency */,
			);
			name = textSelectionSafariActionExtensionSwiftExampleTests;
			productName = textSelectionSafariActionExtensionSwiftExampleTests;
			productReference = 6D5146EA1994018700B6B433 /* textSelectionSafariActionExtensionSwiftExampleTests.xctest */;
			productType = "com.apple.product-type.bundle.unit-test";
		};
		6DE427E619942DA5006794B7 /* safarActionExtensionSwiftExampleExt */ = {
			isa = PBXNativeTarget;
			buildConfigurationList = 6DE427F419942DA5006794B7 /* Build configuration list for PBXNativeTarget "safarActionExtensionSwiftExampleExt" */;
			buildPhases = (
				6DE427E319942DA5006794B7 /* Sources */,
				6DE427E419942DA5006794B7 /* Frameworks */,
				6DE427E519942DA5006794B7 /* Resources */,
			);
			buildRules = (
			);
			dependencies = (
			);
			name = safarActionExtensionSwiftExampleExt;
			productName = safarActionExtensionSwiftExampleExt;
			productReference = 6DE427E719942DA5006794B7 /* safarActionExtensionSwiftExampleExt.appex */;
			productType = "com.apple.product-type.app-extension";
		};
/* End PBXNativeTarget section */

/* Begin PBXProject section */
		6D5146D01994018700B6B433 /* Project object */ = {
			isa = PBXProject;
			attributes = {
				LastUpgradeCheck = 0600;
				ORGANIZATIONNAME = "Skinny Bones Productions";
				TargetAttributes = {
					6D5146D71994018700B6B433 = {
						CreatedOnToolsVersion = 6.0;
					};
					6D5146E91994018700B6B433 = {
						CreatedOnToolsVersion = 6.0;
						TestTargetID = 6D5146D71994018700B6B433;
					};
					6DE427E619942DA5006794B7 = {
						CreatedOnToolsVersion = 6.0;
					};
				};
			};
			buildConfigurationList = 6D5146D31994018700B6B433 /* Build configuration list for PBXProject "textSelectionSafariActionExtensionSwiftExample" */;
			compatibilityVersion = "Xcode 3.2";
			developmentRegion = English;
			hasScannedForEncodings = 0;
			knownRegions = (
				en,
				Base,
			);
			mainGroup = 6D5146CF1994018700B6B433;
			productRefGroup = 6D5146D91994018700B6B433 /* Products */;
			projectDirPath = "";
			projectRoot = "";
			targets = (
				6D5146D71994018700B6B433 /* textSelectionSafariActionExtensionSwiftExample */,
				6D5146E91994018700B6B433 /* textSelectionSafariActionExtensionSwiftExampleTests */,
				6DE427E619942DA5006794B7 /* safarActionExtensionSwiftExampleExt */,
			);
		};
/* End PBXProject section */

/* Begin PBXResourcesBuildPhase section */
		6D5146D61994018700B6B433 /* Resources */ = {
			isa = PBXResourcesBuildPhase;
			buildActionMask = 2147483647;
			files = (
				6D5146E31994018700B6B433 /* Main.storyboard in Resources */,
				6D5146E51994018700B6B433 /* Images.xcassets in Resources */,
			);
			runOnlyForDeploymentPostprocessing = 0;
		};
		6D5146E81994018700B6B433 /* Resources */ = {
			isa = PBXResourcesBuildPhase;
			buildActionMask = 2147483647;
			files = (
			);
			runOnlyForDeploymentPostprocessing = 0;
		};
		6DE427E519942DA5006794B7 /* Resources */ = {
			isa = PBXResourcesBuildPhase;
			buildActionMask = 2147483647;
			files = (
				6DE427F819942F43006794B7 /* textSelection.js in Resources */,
				6DE427EE19942DA5006794B7 /* MainInterface.storyboard in Resources */,
			);
			runOnlyForDeploymentPostprocessing = 0;
		};
/* End PBXResourcesBuildPhase section */

/* Begin PBXSourcesBuildPhase section */
		6D5146D41994018700B6B433 /* Sources */ = {
			isa = PBXSourcesBuildPhase;
			buildActionMask = 2147483647;
			files = (
				6D5146E01994018700B6B433 /* ViewController.swift in Sources */,
				6D5146DE1994018700B6B433 /* AppDelegate.swift in Sources */,
			);
			runOnlyForDeploymentPostprocessing = 0;
		};
		6D5146E61994018700B6B433 /* Sources */ = {
			isa = PBXSourcesBuildPhase;
			buildActionMask = 2147483647;
			files = (
				6D5146F11994018800B6B433 /* textSelectionSafariActionExtensionSwiftExampleTests.swift in Sources */,
			);
			runOnlyForDeploymentPostprocessing = 0;
		};
		6DE427E319942DA5006794B7 /* Sources */ = {
			isa = PBXSourcesBuildPhase;
			buildActionMask = 2147483647;
			files = (
				6D99139619943277004011E6 /* SearchViewController.swift in Sources */,
			);
			runOnlyForDeploymentPostprocessing = 0;
		};
/* End PBXSourcesBuildPhase section */

/* Begin PBXTargetDependency section */
		6D5146EC1994018700B6B433 /* PBXTargetDependency */ = {
			isa = PBXTargetDependency;
			target = 6D5146D71994018700B6B433 /* textSelectionSafariActionExtensionSwiftExample */;
			targetProxy = 6D5146EB1994018700B6B433 /* PBXContainerItemProxy */;
		};
		6DE427F019942DA5006794B7 /* PBXTargetDependency */ = {
			isa = PBXTargetDependency;
			target = 6DE427E619942DA5006794B7 /* safarActionExtensionSwiftExampleExt */;
			targetProxy = 6DE427EF19942DA5006794B7 /* PBXContainerItemProxy */;
		};
		6DE427F319942DA5006794B7 /* PBXTargetDependency */ = {
			isa = PBXTargetDependency;
			target = 6DE427E619942DA5006794B7 /* safarActionExtensionSwiftExampleExt */;
			targetProxy = 6DE427F219942DA5006794B7 /* PBXContainerItemProxy */;
		};
/* End PBXTargetDependency section */

/* Begin PBXVariantGroup section */
		6D5146E11994018700B6B433 /* Main.storyboard */ = {
			isa = PBXVariantGroup;
			children = (
				6D5146E21994018700B6B433 /* Base */,
			);
			name = Main.storyboard;
			sourceTree = "<group>";
		};
/* End PBXVariantGroup section */

/* Begin XCBuildConfiguration section */
		6D5146F21994018800B6B433 /* Debug */ = {
			isa = XCBuildConfiguration;
			buildSettings = {
				ALWAYS_SEARCH_USER_PATHS = NO;
				CLANG_CXX_LANGUAGE_STANDARD = "gnu++0x";
				CLANG_CXX_LIBRARY = "libc++";
				CLANG_ENABLE_MODULES = YES;
				CLANG_ENABLE_OBJC_ARC = YES;
				CLANG_WARN_BOOL_CONVERSION = YES;
				CLANG_WARN_CONSTANT_CONVERSION = YES;
				CLANG_WARN_DIRECT_OBJC_ISA_USAGE = YES_ERROR;
				CLANG_WARN_EMPTY_BODY = YES;
				CLANG_WARN_ENUM_CONVERSION = YES;
				CLANG_WARN_INT_CONVERSION = YES;
				CLANG_WARN_OBJC_ROOT_CLASS = YES_ERROR;
				CLANG_WARN_UNREACHABLE_CODE = YES;
				CLANG_WARN__DUPLICATE_METHOD_MATCH = YES;
				"CODE_SIGN_IDENTITY[sdk=iphoneos*]" = "iPhone Developer";
				COPY_PHASE_STRIP = NO;
				ENABLE_STRICT_OBJC_MSGSEND = YES;
				GCC_C_LANGUAGE_STANDARD = gnu99;
				GCC_DYNAMIC_NO_PIC = NO;
				GCC_OPTIMIZATION_LEVEL = 0;
				GCC_PREPROCESSOR_DEFINITIONS = (
					"DEBUG=1",
					"$(inherited)",
				);
				GCC_SYMBOLS_PRIVATE_EXTERN = NO;
				GCC_WARN_64_TO_32_BIT_CONVERSION = YES;
				GCC_WARN_ABOUT_RETURN_TYPE = YES_ERROR;
				GCC_WARN_UNDECLARED_SELECTOR = YES;
				GCC_WARN_UNINITIALIZED_AUTOS = YES_AGGRESSIVE;
				GCC_WARN_UNUSED_FUNCTION = YES;
				GCC_WARN_UNUSED_VARIABLE = YES;
				IPHONEOS_DEPLOYMENT_TARGET = 8.0;
				MTL_ENABLE_DEBUG_INFO = YES;
				ONLY_ACTIVE_ARCH = YES;
				SDKROOT = iphoneos;
				SWIFT_OPTIMIZATION_LEVEL = "-Onone";
			};
			name = Debug;
		};
		6D5146F31994018800B6B433 /* Release */ = {
			isa = XCBuildConfiguration;
			buildSettings = {
				ALWAYS_SEARCH_USER_PATHS = NO;
				CLANG_CXX_LANGUAGE_STANDARD = "gnu++0x";
				CLANG_CXX_LIBRARY = "libc++";
				CLANG_ENABLE_MODULES = YES;
				CLANG_ENABLE_OBJC_ARC = YES;
				CLANG_WARN_BOOL_CONVERSION = YES;
				CLANG_WARN_CONSTANT_CONVERSION = YES;
				CLANG_WARN_DIRECT_OBJC_ISA_USAGE = YES_ERROR;
				CLANG_WARN_EMPTY_BODY = YES;
				CLANG_WARN_ENUM_CONVERSION = YES;
				CLANG_WARN_INT_CONVERSION = YES;
				CLANG_WARN_OBJC_ROOT_CLASS = YES_ERROR;
				CLANG_WARN_UNREACHABLE_CODE = YES;
				CLANG_WARN__DUPLICATE_METHOD_MATCH = YES;
				"CODE_SIGN_IDENTITY[sdk=iphoneos*]" = "iPhone Developer";
				COPY_PHASE_STRIP = YES;
				ENABLE_NS_ASSERTIONS = NO;
				ENABLE_STRICT_OBJC_MSGSEND = YES;
				GCC_C_LANGUAGE_STANDARD = gnu99;
				GCC_WARN_64_TO_32_BIT_CONVERSION = YES;
				GCC_WARN_ABOUT_RETURN_TYPE = YES_ERROR;
				GCC_WARN_UNDECLARED_SELECTOR = YES;
				GCC_WARN_UNINITIALIZED_AUTOS = YES_AGGRESSIVE;
				GCC_WARN_UNUSED_FUNCTION = YES;
				GCC_WARN_UNUSED_VARIABLE = YES;
				IPHONEOS_DEPLOYMENT_TARGET = 8.0;
				MTL_ENABLE_DEBUG_INFO = NO;
				SDKROOT = iphoneos;
				VALIDATE_PRODUCT = YES;
			};
			name = Release;
		};
		6D5146F51994018800B6B433 /* Debug */ = {
			isa = XCBuildConfiguration;
			buildSettings = {
				ASSETCATALOG_COMPILER_APPICON_NAME = AppIcon;
				ASSETCATALOG_COMPILER_LAUNCHIMAGE_NAME = LaunchImage;
				INFOPLIST_FILE = textSelectionSafariActionExtensionSwiftExample/Info.plist;
				LD_RUNPATH_SEARCH_PATHS = "$(inherited) @executable_path/Frameworks";
				PRODUCT_NAME = "$(TARGET_NAME)";
			};
			name = Debug;
		};
		6D5146F61994018800B6B433 /* Release */ = {
			isa = XCBuildConfiguration;
			buildSettings = {
				ASSETCATALOG_COMPILER_APPICON_NAME = AppIcon;
				ASSETCATALOG_COMPILER_LAUNCHIMAGE_NAME = LaunchImage;
				INFOPLIST_FILE = textSelectionSafariActionExtensionSwiftExample/Info.plist;
				LD_RUNPATH_SEARCH_PATHS = "$(inherited) @executable_path/Frameworks";
				PRODUCT_NAME = "$(TARGET_NAME)";
			};
			name = Release;
		};
		6D5146F81994018800B6B433 /* Debug */ = {
			isa = XCBuildConfiguration;
			buildSettings = {
				BUNDLE_LOADER = "$(TEST_HOST)";
				FRAMEWORK_SEARCH_PATHS = (
					"$(SDKROOT)/Developer/Library/Frameworks",
					"$(inherited)",
				);
				GCC_PREPROCESSOR_DEFINITIONS = (
					"DEBUG=1",
					"$(inherited)",
				);
				INFOPLIST_FILE = textSelectionSafariActionExtensionSwiftExampleTests/Info.plist;
				LD_RUNPATH_SEARCH_PATHS = "$(inherited) @executable_path/Frameworks @loader_path/Frameworks";
				PRODUCT_NAME = "$(TARGET_NAME)";
				TEST_HOST = "$(BUILT_PRODUCTS_DIR)/textSelectionSafariActionExtensionSwiftExample.app/textSelectionSafariActionExtensionSwiftExample";
			};
			name = Debug;
		};
		6D5146F91994018800B6B433 /* Release */ = {
			isa = XCBuildConfiguration;
			buildSettings = {
				BUNDLE_LOADER = "$(TEST_HOST)";
				FRAMEWORK_SEARCH_PATHS = (
					"$(SDKROOT)/Developer/Library/Frameworks",
					"$(inherited)",
				);
				INFOPLIST_FILE = textSelectionSafariActionExtensionSwiftExampleTests/Info.plist;
				LD_RUNPATH_SEARCH_PATHS = "$(inherited) @executable_path/Frameworks @loader_path/Frameworks";
				PRODUCT_NAME = "$(TARGET_NAME)";
				TEST_HOST = "$(BUILT_PRODUCTS_DIR)/textSelectionSafariActionExtensionSwiftExample.app/textSelectionSafariActionExtensionSwiftExample";
			};
			name = Release;
		};
		6DE427F519942DA5006794B7 /* Debug */ = {
			isa = XCBuildConfiguration;
			buildSettings = {
				GCC_PREPROCESSOR_DEFINITIONS = (
					"DEBUG=1",
					"$(inherited)",
				);
				INFOPLIST_FILE = safarActionExtensionSwiftExampleExt/Info.plist;
				LD_RUNPATH_SEARCH_PATHS = "$(inherited) @executable_path/Frameworks @executable_path/../../Frameworks";
				PRODUCT_NAME = "$(TARGET_NAME)";
				SKIP_INSTALL = YES;
			};
			name = Debug;
		};
		6DE427F619942DA5006794B7 /* Release */ = {
			isa = XCBuildConfiguration;
			buildSettings = {
				INFOPLIST_FILE = safarActionExtensionSwiftExampleExt/Info.plist;
				LD_RUNPATH_SEARCH_PATHS = "$(inherited) @executable_path/Frameworks @executable_path/../../Frameworks";
				PRODUCT_NAME = "$(TARGET_NAME)";
				SKIP_INSTALL = YES;
			};
			name = Release;
		};
/* End XCBuildConfiguration section */

/* Begin XCConfigurationList section */
		6D5146D31994018700B6B433 /* Build configuration list for PBXProject "textSelectionSafariActionExtensionSwiftExample" */ = {
			isa = XCConfigurationList;
			buildConfigurations = (
				6D5146F21994018800B6B433 /* Debug */,
				6D5146F31994018800B6B433 /* Release */,
			);
			defaultConfigurationIsVisible = 0;
			defaultConfigurationName = Release;
		};
		6D5146F41994018800B6B433 /* Build configuration list for PBXNativeTarget "textSelectionSafariActionExtensionSwiftExample" */ = {
			isa = XCConfigurationList;
			buildConfigurations = (
				6D5146F51994018800B6B433 /* Debug */,
				6D5146F61994018800B6B433 /* Release */,
			);
			defaultConfigurationIsVisible = 0;
			defaultConfigurationName = Release;
		};
		6D5146F71994018800B6B433 /* Build configuration list for PBXNativeTarget "textSelectionSafariActionExtensionSwiftExampleTests" */ = {
			isa = XCConfigurationList;
			buildConfigurations = (
				6D5146F81994018800B6B433 /* Debug */,
				6D5146F91994018800B6B433 /* Release */,
			);
			defaultConfigurationIsVisible = 0;
			defaultConfigurationName = Release;
		};
		6DE427F419942DA5006794B7 /* Build configuration list for PBXNativeTarget "safarActionExtensionSwiftExampleExt" */ = {
			isa = XCConfigurationList;
			buildConfigurations = (
				6DE427F519942DA5006794B7 /* Debug */,
				6DE427F619942DA5006794B7 /* Release */,
			);
			defaultConfigurationIsVisible = 0;
			defaultConfigurationName = Release;
		};
/* End XCConfigurationList section */
	};
	rootObject = 6D5146D01994018700B6B433 /* Project object */;
}
